// !$*UTF8*$!
{
	archiveVersion = 1;
	classes = {
	};
	objectVersion = 77;
	objects = {

/* Begin PBXContainerItemProxy section */
		62FC1C1F2E1F112D00E15698 /* PBXContainerItemProxy */ = {
			isa = PBXContainerItemProxy;
			containerPortal = 62FC1C092E1F112B00E15698 /* Project object */;
			proxyType = 1;
			remoteGlobalIDString = 62FC1C102E1F112B00E15698;
			remoteInfo = "Apple-FrameWorks";
		};
		62FC1C292E1F112D00E15698 /* PBXContainerItemProxy */ = {
			isa = PBXContainerItemProxy;
			containerPortal = 62FC1C092E1F112B00E15698 /* Project object */;
			proxyType = 1;
			remoteGlobalIDString = 62FC1C102E1F112B00E15698;
			remoteInfo = "Apple-FrameWorks";
		};
/* End PBXContainerItemProxy section */

/* Begin PBXFileReference section */
		62FC1C112E1F112B00E15698 /* Apple-FrameWorks.app */ = {isa = PBXFileReference; explicitFileType = wrapper.application; includeInIndex = 0; path = "Apple-FrameWorks.app"; sourceTree = BUILT_PRODUCTS_DIR; };
		62FC1C1E2E1F112D00E15698 /* Apple-FrameWorksTests.xctest */ = {isa = PBXFileReference; explicitFileType = wrapper.cfbundle; includeInIndex = 0; path = "Apple-FrameWorksTests.xctest"; sourceTree = BUILT_PRODUCTS_DIR; };
		62FC1C282E1F112D00E15698 /* Apple-FrameWorksUITests.xctest */ = {isa = PBXFileReference; explicitFileType = wrapper.cfbundle; includeInIndex = 0; path = "Apple-FrameWorksUITests.xctest"; sourceTree = BUILT_PRODUCTS_DIR; };
/* End PBXFileReference section */

/* Begin PBXFileSystemSynchronizedRootGroup section */
		62FC1C132E1F112B00E15698 /* Apple-FrameWorks */ = {
			isa = PBXFileSystemSynchronizedRootGroup;
			path = "Apple-FrameWorks";
			sourceTree = "<group>";
		};
		62FC1C212E1F112D00E15698 /* Apple-FrameWorksTests */ = {
			isa = PBXFileSystemSynchronizedRootGroup;
			path = "Apple-FrameWorksTests";
			sourceTree = "<group>";
		};
		62FC1C2B2E1F112D00E15698 /* Apple-FrameWorksUITests */ = {
			isa = PBXFileSystemSynchronizedRootGroup;
			path = "Apple-FrameWorksUITests";
			sourceTree = "<group>";
		};
/* End PBXFileSystemSynchronizedRootGroup section */

/* Begin PBXFrameworksBuildPhase section */
		62FC1C0E2E1F112B00E15698 /* Frameworks */ = {
			isa = PBXFrameworksBuildPhase;
			buildActionMask = 2147483647;
			files = (
			);
			runOnlyForDeploymentPostprocessing = 0;
		};
		62FC1C1B2E1F112D00E15698 /* Frameworks */ = {
			isa = PBXFrameworksBuildPhase;
			buildActionMask = 2147483647;
			files = (
			);
			runOnlyForDeploymentPostprocessing = 0;
		};
		62FC1C252E1F112D00E15698 /* Frameworks */ = {
			isa = PBXFrameworksBuildPhase;
			buildActionMask = 2147483647;
			files = (
			);
			runOnlyForDeploymentPostprocessing = 0;
		};
/* End PBXFrameworksBuildPhase section */

/* Begin PBXGroup section */
		62FC1C082E1F112B00E15698 = {
			isa = PBXGroup;
			children = (
				62FC1C132E1F112B00E15698 /* Apple-FrameWorks */,
				62FC1C212E1F112D00E15698 /* Apple-FrameWorksTests */,
				62FC1C2B2E1F112D00E15698 /* Apple-FrameWorksUITests */,
				62FC1C122E1F112B00E15698 /* Products */,
			);
			sourceTree = "<group>";
		};
		62FC1C122E1F112B00E15698 /* Products */ = {
			isa = PBXGroup;
			children = (
				62FC1C112E1F112B00E15698 /* Apple-FrameWorks.app */,
				62FC1C1E2E1F112D00E15698 /* Apple-FrameWorksTests.xctest */,
				62FC1C282E1F112D00E15698 /* Apple-FrameWorksUITests.xctest */,
			);
			name = Products;
			sourceTree = "<group>";
		};
/* End PBXGroup section */

/* Begin PBXNativeTarget section */
		62FC1C102E1F112B00E15698 /* Apple-FrameWorks */ = {
			isa = PBXNativeTarget;
			buildConfigurationList = 62FC1C322E1F112D00E15698 /* Build configuration list for PBXNativeTarget "Apple-FrameWorks" */;
			buildPhases = (
				62FC1C0D2E1F112B00E15698 /* Sources */,
				62FC1C0E2E1F112B00E15698 /* Frameworks */,
				62FC1C0F2E1F112B00E15698 /* Resources */,
			);
			buildRules = (
			);
			dependencies = (
			);
			fileSystemSynchronizedGroups = (
				62FC1C132E1F112B00E15698 /* Apple-FrameWorks */,
			);
			name = "Apple-FrameWorks";
			packageProductDependencies = (
			);
			productName = "Apple-FrameWorks";
			productReference = 62FC1C112E1F112B00E15698 /* Apple-FrameWorks.app */;
			productType = "com.apple.product-type.application";
		};
		62FC1C1D2E1F112D00E15698 /* Apple-FrameWorksTests */ = {
			isa = PBXNativeTarget;
			buildConfigurationList = 62FC1C352E1F112D00E15698 /* Build configuration list for PBXNativeTarget "Apple-FrameWorksTests" */;
			buildPhases = (
				62FC1C1A2E1F112D00E15698 /* Sources */,
				62FC1C1B2E1F112D00E15698 /* Frameworks */,
				62FC1C1C2E1F112D00E15698 /* Resources */,
			);
			buildRules = (
			);
			dependencies = (
				62FC1C202E1F112D00E15698 /* PBXTargetDependency */,
			);
			fileSystemSynchronizedGroups = (
				62FC1C212E1F112D00E15698 /* Apple-FrameWorksTests */,
			);
			name = "Apple-FrameWorksTests";
			packageProductDependencies = (
			);
			productName = "Apple-FrameWorksTests";
			productReference = 62FC1C1E2E1F112D00E15698 /* Apple-FrameWorksTests.xctest */;
			productType = "com.apple.product-type.bundle.unit-test";
		};
		62FC1C272E1F112D00E15698 /* Apple-FrameWorksUITests */ = {
			isa = PBXNativeTarget;
			buildConfigurationList = 62FC1C382E1F112D00E15698 /* Build configuration list for PBXNativeTarget "Apple-FrameWorksUITests" */;
			buildPhases = (
				62FC1C242E1F112D00E15698 /* Sources */,
				62FC1C252E1F112D00E15698 /* Frameworks */,
				62FC1C262E1F112D00E15698 /* Resources */,
			);
			buildRules = (
			);
			dependencies = (
				62FC1C2A2E1F112D00E15698 /* PBXTargetDependency */,
			);
			fileSystemSynchronizedGroups = (
				62FC1C2B2E1F112D00E15698 /* Apple-FrameWorksUITests */,
			);
			name = "Apple-FrameWorksUITests";
			packageProductDependencies = (
			);
			productName = "Apple-FrameWorksUITests";
			productReference = 62FC1C282E1F112D00E15698 /* Apple-FrameWorksUITests.xctest */;
			productType = "com.apple.product-type.bundle.ui-testing";
		};
/* End PBXNativeTarget section */

/* Begin PBXProject section */
		62FC1C092E1F112B00E15698 /* Project object */ = {
			isa = PBXProject;
			attributes = {
				BuildIndependentTargetsInParallel = 1;
				LastSwiftUpdateCheck = 1640;
				LastUpgradeCheck = 1640;
				TargetAttributes = {
					62FC1C102E1F112B00E15698 = {
						CreatedOnToolsVersion = 16.4;
					};
					62FC1C1D2E1F112D00E15698 = {
						CreatedOnToolsVersion = 16.4;
						TestTargetID = 62FC1C102E1F112B00E15698;
					};
					62FC1C272E1F112D00E15698 = {
						CreatedOnToolsVersion = 16.4;
						TestTargetID = 62FC1C102E1F112B00E15698;
					};
				};
			};
			buildConfigurationList = 62FC1C0C2E1F112B00E15698 /* Build configuration list for PBXProject "Apple-FrameWorks" */;
			developmentRegion = en;
			hasScannedForEncodings = 0;
			knownRegions = (
				en,
				Base,
			);
			mainGroup = 62FC1C082E1F112B00E15698;
			minimizedProjectReferenceProxies = 1;
			preferredProjectObjectVersion = 77;
			productRefGroup = 62FC1C122E1F112B00E15698 /* Products */;
			projectDirPath = "";
			projectRoot = "";
			targets = (
				62FC1C102E1F112B00E15698 /* Apple-FrameWorks */,
				62FC1C1D2E1F112D00E15698 /* Apple-FrameWorksTests */,
				62FC1C272E1F112D00E15698 /* Apple-FrameWorksUITests */,
			);
		};
/* End PBXProject section */

/* Begin PBXResourcesBuildPhase section */
		62FC1C0F2E1F112B00E15698 /* Resources */ = {
			isa = PBXResourcesBuildPhase;
			buildActionMask = 2147483647;
			files = (
			);
			runOnlyForDeploymentPostprocessing = 0;
		};
		62FC1C1C2E1F112D00E15698 /* Resources */ = {
			isa = PBXResourcesBuildPhase;
			buildActionMask = 2147483647;
			files = (
			);
			runOnlyForDeploymentPostprocessing = 0;
		};
		62FC1C262E1F112D00E15698 /* Resources */ = {
			isa = PBXResourcesBuildPhase;
			buildActionMask = 2147483647;
			files = (
			);
			runOnlyForDeploymentPostprocessing = 0;
		};
/* End PBXResourcesBuildPhase section */

/* Begin PBXSourcesBuildPhase section */
		62FC1C0D2E1F112B00E15698 /* Sources */ = {
			isa = PBXSourcesBuildPhase;
			buildActionMask = 2147483647;
			files = (
			);
			runOnlyForDeploymentPostprocessing = 0;
		};
		62FC1C1A2E1F112D00E15698 /* Sources */ = {
			isa = PBXSourcesBuildPhase;
			buildActionMask = 2147483647;
			files = (
			);
			runOnlyForDeploymentPostprocessing = 0;
		};
		62FC1C242E1F112D00E15698 /* Sources */ = {
			isa = PBXSourcesBuildPhase;
			buildActionMask = 2147483647;
			files = (
			);
			runOnlyForDeploymentPostprocessing = 0;
		};
/* End PBXSourcesBuildPhase section */

/* Begin PBXTargetDependency section */
		62FC1C202E1F112D00E15698 /* PBXTargetDependency */ = {
			isa = PBXTargetDependency;
			target = 62FC1C102E1F112B00E15698 /* Apple-FrameWorks */;
			targetProxy = 62FC1C1F2E1F112D00E15698 /* PBXContainerItemProxy */;
		};
		62FC1C2A2E1F112D00E15698 /* PBXTargetDependency */ = {
			isa = PBXTargetDependency;
			target = 62FC1C102E1F112B00E15698 /* Apple-FrameWorks */;
			targetProxy = 62FC1C292E1F112D00E15698 /* PBXContainerItemProxy */;
		};
/* End PBXTargetDependency section */

/* Begin XCBuildConfiguration section */
		62FC1C302E1F112D00E15698 /* Debug */ = {
			isa = XCBuildConfiguration;
			buildSettings = {
				ALWAYS_SEARCH_USER_PATHS = NO;
				ASSETCATALOG_COMPILER_GENERATE_SWIFT_ASSET_SYMBOL_EXTENSIONS = YES;
				CLANG_ANALYZER_NONNULL = YES;
				CLANG_ANALYZER_NUMBER_OBJECT_CONVERSION = YES_AGGRESSIVE;
				CLANG_CXX_LANGUAGE_STANDARD = "gnu++20";
				CLANG_ENABLE_MODULES = YES;
				CLANG_ENABLE_OBJC_ARC = YES;
				CLANG_ENABLE_OBJC_WEAK = YES;
				CLANG_WARN_BLOCK_CAPTURE_AUTORELEASING = YES;
				CLANG_WARN_BOOL_CONVERSION = YES;
				CLANG_WARN_COMMA = YES;
				CLANG_WARN_CONSTANT_CONVERSION = YES;
				CLANG_WARN_DEPRECATED_OBJC_IMPLEMENTATIONS = YES;
				CLANG_WARN_DIRECT_OBJC_ISA_USAGE = YES_ERROR;
				CLANG_WARN_DOCUMENTATION_COMMENTS = YES;
				CLANG_WARN_EMPTY_BODY = YES;
				CLANG_WARN_ENUM_CONVERSION = YES;
				CLANG_WARN_INFINITE_RECURSION = YES;
				CLANG_WARN_INT_CONVERSION = YES;
				CLANG_WARN_NON_LITERAL_NULL_CONVERSION = YES;
				CLANG_WARN_OBJC_IMPLICIT_RETAIN_SELF = YES;
				CLANG_WARN_OBJC_LITERAL_CONVERSION = YES;
				CLANG_WARN_OBJC_ROOT_CLASS = YES_ERROR;
				CLANG_WARN_QUOTED_INCLUDE_IN_FRAMEWORK_HEADER = YES;
				CLANG_WARN_RANGE_LOOP_ANALYSIS = YES;
				CLANG_WARN_STRICT_PROTOTYPES = YES;
				CLANG_WARN_SUSPICIOUS_MOVE = YES;
				CLANG_WARN_UNGUARDED_AVAILABILITY = YES_AGGRESSIVE;
				CLANG_WARN_UNREACHABLE_CODE = YES;
				CLANG_WARN__DUPLICATE_METHOD_MATCH = YES;
				COPY_PHASE_STRIP = NO;
				DEBUG_INFORMATION_FORMAT = dwarf;
				DEVELOPMENT_TEAM = 5FJ8UF8698;
				ENABLE_STRICT_OBJC_MSGSEND = YES;
				ENABLE_TESTABILITY = YES;
				ENABLE_USER_SCRIPT_SANDBOXING = YES;
				GCC_C_LANGUAGE_STANDARD = gnu17;
				GCC_DYNAMIC_NO_PIC = NO;
				GCC_NO_COMMON_BLOCKS = YES;
				GCC_OPTIMIZATION_LEVEL = 0;
				GCC_PREPROCESSOR_DEFINITIONS = (
					"DEBUG=1",
					"$(inherited)",
				);
				GCC_WARN_64_TO_32_BIT_CONVERSION = YES;
				GCC_WARN_ABOUT_RETURN_TYPE = YES_ERROR;
				GCC_WARN_UNDECLARED_SELECTOR = YES;
				GCC_WARN_UNINITIALIZED_AUTOS = YES_AGGRESSIVE;
				GCC_WARN_UNUSED_FUNCTION = YES;
				GCC_WARN_UNUSED_VARIABLE = YES;
				IPHONEOS_DEPLOYMENT_TARGET = 18.5;
				LOCALIZATION_PREFERS_STRING_CATALOGS = YES;
				MTL_ENABLE_DEBUG_INFO = INCLUDE_SOURCE;
				MTL_FAST_MATH = YES;
				ONLY_ACTIVE_ARCH = YES;
				SDKROOT = iphoneos;
				SWIFT_ACTIVE_COMPILATION_CONDITIONS = "DEBUG $(inherited)";
				SWIFT_OPTIMIZATION_LEVEL = "-Onone";
			};
			name = Debug;
		};
		62FC1C312E1F112D00E15698 /* Release */ = {
			isa = XCBuildConfiguration;
			buildSettings = {
				ALWAYS_SEARCH_USER_PATHS = NO;
				ASSETCATALOG_COMPILER_GENERATE_SWIFT_ASSET_SYMBOL_EXTENSIONS = YES;
				CLANG_ANALYZER_NONNULL = YES;
				CLANG_ANALYZER_NUMBER_OBJECT_CONVERSION = YES_AGGRESSIVE;
				CLANG_CXX_LANGUAGE_STANDARD = "gnu++20";
				CLANG_ENABLE_MODULES = YES;
				CLANG_ENABLE_OBJC_ARC = YES;
				CLANG_ENABLE_OBJC_WEAK = YES;
				CLANG_WARN_BLOCK_CAPTURE_AUTORELEASING = YES;
				CLANG_WARN_BOOL_CONVERSION = YES;
				CLANG_WARN_COMMA = YES;
				CLANG_WARN_CONSTANT_CONVERSION = YES;
				CLANG_WARN_DEPRECATED_OBJC_IMPLEMENTATIONS = YES;
				CLANG_WARN_DIRECT_OBJC_ISA_USAGE = YES_ERROR;
				CLANG_WARN_DOCUMENTATION_COMMENTS = YES;
				CLANG_WARN_EMPTY_BODY = YES;
				CLANG_WARN_ENUM_CONVERSION = YES;
				CLANG_WARN_INFINITE_RECURSION = YES;
				CLANG_WARN_INT_CONVERSION = YES;
				CLANG_WARN_NON_LITERAL_NULL_CONVERSION = YES;
				CLANG_WARN_OBJC_IMPLICIT_RETAIN_SELF = YES;
				CLANG_WARN_OBJC_LITERAL_CONVERSION = YES;
				CLANG_WARN_OBJC_ROOT_CLASS = YES_ERROR;
				CLANG_WARN_QUOTED_INCLUDE_IN_FRAMEWORK_HEADER = YES;
				CLANG_WARN_RANGE_LOOP_ANALYSIS = YES;
				CLANG_WARN_STRICT_PROTOTYPES = YES;
				CLANG_WARN_SUSPICIOUS_MOVE = YES;
				CLANG_WARN_UNGUARDED_AVAILABILITY = YES_AGGRESSIVE;
				CLANG_WARN_UNREACHABLE_CODE = YES;
				CLANG_WARN__DUPLICATE_METHOD_MATCH = YES;
				COPY_PHASE_STRIP = NO;
				DEBUG_INFORMATION_FORMAT = "dwarf-with-dsym";
				DEVELOPMENT_TEAM = 5FJ8UF8698;
				ENABLE_NS_ASSERTIONS = NO;
				ENABLE_STRICT_OBJC_MSGSEND = YES;
				ENABLE_USER_SCRIPT_SANDBOXING = YES;
				GCC_C_LANGUAGE_STANDARD = gnu17;
				GCC_NO_COMMON_BLOCKS = YES;
				GCC_WARN_64_TO_32_BIT_CONVERSION = YES;
				GCC_WARN_ABOUT_RETURN_TYPE = YES_ERROR;
				GCC_WARN_UNDECLARED_SELECTOR = YES;
				GCC_WARN_UNINITIALIZED_AUTOS = YES_AGGRESSIVE;
				GCC_WARN_UNUSED_FUNCTION = YES;
				GCC_WARN_UNUSED_VARIABLE = YES;
				IPHONEOS_DEPLOYMENT_TARGET = 18.5;
				LOCALIZATION_PREFERS_STRING_CATALOGS = YES;
				MTL_ENABLE_DEBUG_INFO = NO;
				MTL_FAST_MATH = YES;
				SDKROOT = iphoneos;
				SWIFT_COMPILATION_MODE = wholemodule;
				VALIDATE_PRODUCT = YES;
			};
			name = Release;
		};
		62FC1C332E1F112D00E15698 /* Debug */ = {
			isa = XCBuildConfiguration;
			buildSettings = {
				ASSETCATALOG_COMPILER_APPICON_NAME = AppIcon;
				ASSETCATALOG_COMPILER_GLOBAL_ACCENT_COLOR_NAME = AccentColor;
				CODE_SIGN_STYLE = Automatic;
				CURRENT_PROJECT_VERSION = 1;
				DEVELOPMENT_TEAM = 5FJ8UF8698;
				ENABLE_PREVIEWS = YES;
				GENERATE_INFOPLIST_FILE = YES;
				INFOPLIST_KEY_UIApplicationSceneManifest_Generation = YES;
				INFOPLIST_KEY_UIApplicationSupportsIndirectInputEvents = YES;
				INFOPLIST_KEY_UILaunchScreen_Generation = YES;
				INFOPLIST_KEY_UISupportedInterfaceOrientations_iPad = "UIInterfaceOrientationPortrait UIInterfaceOrientationPortraitUpsideDown UIInterfaceOrientationLandscapeLeft UIInterfaceOrientationLandscapeRight";
				INFOPLIST_KEY_UISupportedInterfaceOrientations_iPhone = "UIInterfaceOrientationPortrait UIInterfaceOrientationLandscapeLeft UIInterfaceOrientationLandscapeRight";
				LD_RUNPATH_SEARCH_PATHS = (
					"$(inherited)",
					"@executable_path/Frameworks",
				);
				MARKETING_VERSION = 1.0;
				PRODUCT_BUNDLE_IDENTIFIER = "getx.Apple-FrameWorks";
				PRODUCT_NAME = "$(TARGET_NAME)";
				SWIFT_EMIT_LOC_STRINGS = YES;
				SWIFT_VERSION = 5.0;
				TARGETED_DEVICE_FAMILY = "1,2";
			};
			name = Debug;
		};
		62FC1C342E1F112D00E15698 /* Release */ = {
			isa = XCBuildConfiguration;
			buildSettings = {
				ASSETCATALOG_COMPILER_APPICON_NAME = AppIcon;
				ASSETCATALOG_COMPILER_GLOBAL_ACCENT_COLOR_NAME = AccentColor;
				CODE_SIGN_STYLE = Automatic;
				CURRENT_PROJECT_VERSION = 1;
				DEVELOPMENT_TEAM = 5FJ8UF8698;
				ENABLE_PREVIEWS = YES;
				GENERATE_INFOPLIST_FILE = YES;
				INFOPLIST_KEY_UIApplicationSceneManifest_Generation = YES;
				INFOPLIST_KEY_UIApplicationSupportsIndirectInputEvents = YES;
				INFOPLIST_KEY_UILaunchScreen_Generation = YES;
				INFOPLIST_KEY_UISupportedInterfaceOrientations_iPad = "UIInterfaceOrientationPortrait UIInterfaceOrientationPortraitUpsideDown UIInterfaceOrientationLandscapeLeft UIInterfaceOrientationLandscapeRight";
				INFOPLIST_KEY_UISupportedInterfaceOrientations_iPhone = "UIInterfaceOrientationPortrait UIInterfaceOrientationLandscapeLeft UIInterfaceOrientationLandscapeRight";
				LD_RUNPATH_SEARCH_PATHS = (
					"$(inherited)",
					"@executable_path/Frameworks",
				);
				MARKETING_VERSION = 1.0;
				PRODUCT_BUNDLE_IDENTIFIER = "getx.Apple-FrameWorks";
				PRODUCT_NAME = "$(TARGET_NAME)";
				SWIFT_EMIT_LOC_STRINGS = YES;
				SWIFT_VERSION = 5.0;
				TARGETED_DEVICE_FAMILY = "1,2";
			};
			name = Release;
		};
		62FC1C362E1F112D00E15698 /* Debug */ = {
			isa = XCBuildConfiguration;
			buildSettings = {
				BUNDLE_LOADER = "$(TEST_HOST)";
				CODE_SIGN_STYLE = Automatic;
				CURRENT_PROJECT_VERSION = 1;
				DEVELOPMENT_TEAM = 5FJ8UF8698;
				GENERATE_INFOPLIST_FILE = YES;
				IPHONEOS_DEPLOYMENT_TARGET = 18.5;
				MARKETING_VERSION = 1.0;
				PRODUCT_BUNDLE_IDENTIFIER = "getx.Apple-FrameWorksTests";
				PRODUCT_NAME = "$(TARGET_NAME)";
				SWIFT_EMIT_LOC_STRINGS = NO;
				SWIFT_VERSION = 5.0;
				TARGETED_DEVICE_FAMILY = "1,2";
				TEST_HOST = "$(BUILT_PRODUCTS_DIR)/Apple-FrameWorks.app/$(BUNDLE_EXECUTABLE_FOLDER_PATH)/Apple-FrameWorks";
			};
			name = Debug;
		};
		62FC1C372E1F112D00E15698 /* Release */ = {
			isa = XCBuildConfiguration;
			buildSettings = {
				BUNDLE_LOADER = "$(TEST_HOST)";
				CODE_SIGN_STYLE = Automatic;
				CURRENT_PROJECT_VERSION = 1;
				DEVELOPMENT_TEAM = 5FJ8UF8698;
				GENERATE_INFOPLIST_FILE = YES;
				IPHONEOS_DEPLOYMENT_TARGET = 18.5;
				MARKETING_VERSION = 1.0;
				PRODUCT_BUNDLE_IDENTIFIER = "getx.Apple-FrameWorksTests";
				PRODUCT_NAME = "$(TARGET_NAME)";
				SWIFT_EMIT_LOC_STRINGS = NO;
				SWIFT_VERSION = 5.0;
				TARGETED_DEVICE_FAMILY = "1,2";
				TEST_HOST = "$(BUILT_PRODUCTS_DIR)/Apple-FrameWorks.app/$(BUNDLE_EXECUTABLE_FOLDER_PATH)/Apple-FrameWorks";
			};
			name = Release;
		};
		62FC1C392E1F112D00E15698 /* Debug */ = {
			isa = XCBuildConfiguration;
			buildSettings = {
				CODE_SIGN_STYLE = Automatic;
				CURRENT_PROJECT_VERSION = 1;
				DEVELOPMENT_TEAM = 5FJ8UF8698;
				GENERATE_INFOPLIST_FILE = YES;
				MARKETING_VERSION = 1.0;
				PRODUCT_BUNDLE_IDENTIFIER = "getx.Apple-FrameWorksUITests";
				PRODUCT_NAME = "$(TARGET_NAME)";
				SWIFT_EMIT_LOC_STRINGS = NO;
				SWIFT_VERSION = 5.0;
				TARGETED_DEVICE_FAMILY = "1,2";
				TEST_TARGET_NAME = "Apple-FrameWorks";
			};
			name = Debug;
		};
		62FC1C3A2E1F112D00E15698 /* Release */ = {
			isa = XCBuildConfiguration;
			buildSettings = {
				CODE_SIGN_STYLE = Automatic;
				CURRENT_PROJECT_VERSION = 1;
				DEVELOPMENT_TEAM = 5FJ8UF8698;
				GENERATE_INFOPLIST_FILE = YES;
				MARKETING_VERSION = 1.0;
				PRODUCT_BUNDLE_IDENTIFIER = "getx.Apple-FrameWorksUITests";
				PRODUCT_NAME = "$(TARGET_NAME)";
				SWIFT_EMIT_LOC_STRINGS = NO;
				SWIFT_VERSION = 5.0;
				TARGETED_DEVICE_FAMILY = "1,2";
				TEST_TARGET_NAME = "Apple-FrameWorks";
			};
			name = Release;
		};
/* End XCBuildConfiguration section */

/* Begin XCConfigurationList section */
		62FC1C0C2E1F112B00E15698 /* Build configuration list for PBXProject "Apple-FrameWorks" */ = {
			isa = XCConfigurationList;
			buildConfigurations = (
				62FC1C302E1F112D00E15698 /* Debug */,
				62FC1C312E1F112D00E15698 /* Release */,
			);
			defaultConfigurationIsVisible = 0;
			defaultConfigurationName = Release;
		};
		62FC1C322E1F112D00E15698 /* Build configuration list for PBXNativeTarget "Apple-FrameWorks" */ = {
			isa = XCConfigurationList;
			buildConfigurations = (
				62FC1C332E1F112D00E15698 /* Debug */,
				62FC1C342E1F112D00E15698 /* Release */,
			);
			defaultConfigurationIsVisible = 0;
			defaultConfigurationName = Release;
		};
		62FC1C352E1F112D00E15698 /* Build configuration list for PBXNativeTarget "Apple-FrameWorksTests" */ = {
			isa = XCConfigurationList;
			buildConfigurations = (
				62FC1C362E1F112D00E15698 /* Debug */,
				62FC1C372E1F112D00E15698 /* Release */,
			);
			defaultConfigurationIsVisible = 0;
			defaultConfigurationName = Release;
		};
		62FC1C382E1F112D00E15698 /* Build configuration list for PBXNativeTarget "Apple-FrameWorksUITests" */ = {
			isa = XCConfigurationList;
			buildConfigurations = (
				62FC1C392E1F112D00E15698 /* Debug */,
				62FC1C3A2E1F112D00E15698 /* Release */,
			);
			defaultConfigurationIsVisible = 0;
			defaultConfigurationName = Release;
		};
/* End XCConfigurationList section */
	};
	rootObject = 62FC1C092E1F112B00E15698 /* Project object */;
}
